// !$*UTF8*$!
{
	archiveVersion = 1;
	classes = {
	};
	objectVersion = 51;
	objects = {

/* Begin PBXBuildFile section */
		7EC856C4BB56DB6068A80534 /* Pods_FireChat.framework in Frameworks */ = {isa = PBXBuildFile; fileRef = 502F85C72708D20F34CCAA2B /* Pods_FireChat.framework */; };
		E231D4F6256CDA1400347073 /* AppDelegate.swift in Sources */ = {isa = PBXBuildFile; fileRef = E231D4F5256CDA1400347073 /* AppDelegate.swift */; };
		E231D4F8256CDA1400347073 /* SceneDelegate.swift in Sources */ = {isa = PBXBuildFile; fileRef = E231D4F7256CDA1400347073 /* SceneDelegate.swift */; };
		E231D4FA256CDA1400347073 /* ViewController.swift in Sources */ = {isa = PBXBuildFile; fileRef = E231D4F9256CDA1400347073 /* ViewController.swift */; };
		E231D4FD256CDA1400347073 /* Main.storyboard in Resources */ = {isa = PBXBuildFile; fileRef = E231D4FB256CDA1400347073 /* Main.storyboard */; };
		E231D4FF256CDA1500347073 /* Assets.xcassets in Resources */ = {isa = PBXBuildFile; fileRef = E231D4FE256CDA1500347073 /* Assets.xcassets */; };
		E231D502256CDA1500347073 /* LaunchScreen.storyboard in Resources */ = {isa = PBXBuildFile; fileRef = E231D500256CDA1500347073 /* LaunchScreen.storyboard */; };
		E231D512256CDA8300347073 /* ConversationsController.swift in Sources */ = {isa = PBXBuildFile; fileRef = E231D511256CDA8300347073 /* ConversationsController.swift */; };
		E231D517256D03BF00347073 /* LoginController.swift in Sources */ = {isa = PBXBuildFile; fileRef = E231D516256D03BF00347073 /* LoginController.swift */; };
		E231D51B256D03CD00347073 /* RegistrationController.swift in Sources */ = {isa = PBXBuildFile; fileRef = E231D51A256D03CD00347073 /* RegistrationController.swift */; };
		E231D51E256D074200347073 /* Extensions.swift in Sources */ = {isa = PBXBuildFile; fileRef = E231D51D256D074200347073 /* Extensions.swift */; };
		E231D522256D28A800347073 /* InputContainerView.swift in Sources */ = {isa = PBXBuildFile; fileRef = E231D521256D28A800347073 /* InputContainerView.swift */; };
		E231D525256D2B3900347073 /* CustomTextField.swift in Sources */ = {isa = PBXBuildFile; fileRef = E231D524256D2B3900347073 /* CustomTextField.swift */; };
		E2623FD9256E7E0900CAD244 /* NewMessageController.swift in Sources */ = {isa = PBXBuildFile; fileRef = E2623FD8256E7E0900CAD244 /* NewMessageController.swift */; };
		E2623FDD256E835000CAD244 /* GoogleService-Info.plist in Resources */ = {isa = PBXBuildFile; fileRef = E2623FDC256E835000CAD244 /* GoogleService-Info.plist */; };
		E2623FE0256E922A00CAD244 /* UserCell.swift in Sources */ = {isa = PBXBuildFile; fileRef = E2623FDF256E922A00CAD244 /* UserCell.swift */; };
		E2623FE3256E970500CAD244 /* User.swift in Sources */ = {isa = PBXBuildFile; fileRef = E2623FE2256E970400CAD244 /* User.swift */; };
		E2623FE6256E977400CAD244 /* Service.swift in Sources */ = {isa = PBXBuildFile; fileRef = E2623FE5256E977400CAD244 /* Service.swift */; };
		E2624001256EA03400CAD244 /* ChatController.swift in Sources */ = {isa = PBXBuildFile; fileRef = E2624000256EA03400CAD244 /* ChatController.swift */; };
		E2624004256EA48400CAD244 /* CustomInputAccessoryView.swift in Sources */ = {isa = PBXBuildFile; fileRef = E2624003256EA48400CAD244 /* CustomInputAccessoryView.swift */; };
		E2624786256E6BE00084535C /* AuthService.swift in Sources */ = {isa = PBXBuildFile; fileRef = E2624785256E6BE00084535C /* AuthService.swift */; };
		E27069F7256F81CA0011A6BC /* MessageCell.swift in Sources */ = {isa = PBXBuildFile; fileRef = E27069F6256F81CA0011A6BC /* MessageCell.swift */; };
		E28D6C91256E3220008C35C6 /* LoginViewModel.swift in Sources */ = {isa = PBXBuildFile; fileRef = E28D6C90256E3220008C35C6 /* LoginViewModel.swift */; };
		E28D6C94256E4D96008C35C6 /* RegistrationViewModel.swift in Sources */ = {isa = PBXBuildFile; fileRef = E28D6C93256E4D96008C35C6 /* RegistrationViewModel.swift */; };
/* End PBXBuildFile section */

/* Begin PBXFileReference section */
		1A22ABF71A77E0ED1864A911 /* Pods-FireChat.debug.xcconfig */ = {isa = PBXFileReference; includeInIndex = 1; lastKnownFileType = text.xcconfig; name = "Pods-FireChat.debug.xcconfig"; path = "Target Support Files/Pods-FireChat/Pods-FireChat.debug.xcconfig"; sourceTree = "<group>"; };
		502F85C72708D20F34CCAA2B /* Pods_FireChat.framework */ = {isa = PBXFileReference; explicitFileType = wrapper.framework; includeInIndex = 0; path = Pods_FireChat.framework; sourceTree = BUILT_PRODUCTS_DIR; };
		BE9F6FCB79F22AEEFE244D3A /* Pods-FireChat.release.xcconfig */ = {isa = PBXFileReference; includeInIndex = 1; lastKnownFileType = text.xcconfig; name = "Pods-FireChat.release.xcconfig"; path = "Target Support Files/Pods-FireChat/Pods-FireChat.release.xcconfig"; sourceTree = "<group>"; };
		E231D4F2256CDA1400347073 /* FireChat.app */ = {isa = PBXFileReference; explicitFileType = wrapper.application; includeInIndex = 0; path = FireChat.app; sourceTree = BUILT_PRODUCTS_DIR; };
		E231D4F5256CDA1400347073 /* AppDelegate.swift */ = {isa = PBXFileReference; lastKnownFileType = sourcecode.swift; path = AppDelegate.swift; sourceTree = "<group>"; };
		E231D4F7256CDA1400347073 /* SceneDelegate.swift */ = {isa = PBXFileReference; lastKnownFileType = sourcecode.swift; path = SceneDelegate.swift; sourceTree = "<group>"; };
		E231D4F9256CDA1400347073 /* ViewController.swift */ = {isa = PBXFileReference; lastKnownFileType = sourcecode.swift; path = ViewController.swift; sourceTree = "<group>"; };
		E231D4FC256CDA1400347073 /* Base */ = {isa = PBXFileReference; lastKnownFileType = file.storyboard; name = Base; path = Base.lproj/Main.storyboard; sourceTree = "<group>"; };
		E231D4FE256CDA1500347073 /* Assets.xcassets */ = {isa = PBXFileReference; lastKnownFileType = folder.assetcatalog; path = Assets.xcassets; sourceTree = "<group>"; };
		E231D501256CDA1500347073 /* Base */ = {isa = PBXFileReference; lastKnownFileType = file.storyboard; name = Base; path = Base.lproj/LaunchScreen.storyboard; sourceTree = "<group>"; };
		E231D503256CDA1500347073 /* Info.plist */ = {isa = PBXFileReference; lastKnownFileType = text.plist.xml; path = Info.plist; sourceTree = "<group>"; };
		E231D511256CDA8300347073 /* ConversationsController.swift */ = {isa = PBXFileReference; lastKnownFileType = sourcecode.swift; path = ConversationsController.swift; sourceTree = "<group>"; };
		E231D516256D03BF00347073 /* LoginController.swift */ = {isa = PBXFileReference; lastKnownFileType = sourcecode.swift; path = LoginController.swift; sourceTree = "<group>"; };
		E231D51A256D03CD00347073 /* RegistrationController.swift */ = {isa = PBXFileReference; lastKnownFileType = sourcecode.swift; path = RegistrationController.swift; sourceTree = "<group>"; };
		E231D51D256D074200347073 /* Extensions.swift */ = {isa = PBXFileReference; lastKnownFileType = sourcecode.swift; path = Extensions.swift; sourceTree = "<group>"; };
		E231D521256D28A800347073 /* InputContainerView.swift */ = {isa = PBXFileReference; lastKnownFileType = sourcecode.swift; path = InputContainerView.swift; sourceTree = "<group>"; };
		E231D524256D2B3900347073 /* CustomTextField.swift */ = {isa = PBXFileReference; lastKnownFileType = sourcecode.swift; path = CustomTextField.swift; sourceTree = "<group>"; };
		E2623FD8256E7E0900CAD244 /* NewMessageController.swift */ = {isa = PBXFileReference; lastKnownFileType = sourcecode.swift; path = NewMessageController.swift; sourceTree = "<group>"; };
		E2623FDC256E835000CAD244 /* GoogleService-Info.plist */ = {isa = PBXFileReference; lastKnownFileType = text.plist; path = "GoogleService-Info.plist"; sourceTree = SOURCE_ROOT; };
		E2623FDF256E922A00CAD244 /* UserCell.swift */ = {isa = PBXFileReference; lastKnownFileType = sourcecode.swift; path = UserCell.swift; sourceTree = "<group>"; };
		E2623FE2256E970400CAD244 /* User.swift */ = {isa = PBXFileReference; lastKnownFileType = sourcecode.swift; path = User.swift; sourceTree = "<group>"; };
		E2623FE5256E977400CAD244 /* Service.swift */ = {isa = PBXFileReference; lastKnownFileType = sourcecode.swift; path = Service.swift; sourceTree = "<group>"; };
		E2624000256EA03400CAD244 /* ChatController.swift */ = {isa = PBXFileReference; lastKnownFileType = sourcecode.swift; path = ChatController.swift; sourceTree = "<group>"; };
		E2624003256EA48400CAD244 /* CustomInputAccessoryView.swift */ = {isa = PBXFileReference; lastKnownFileType = sourcecode.swift; path = CustomInputAccessoryView.swift; sourceTree = "<group>"; };
		E2624785256E6BE00084535C /* AuthService.swift */ = {isa = PBXFileReference; lastKnownFileType = sourcecode.swift; path = AuthService.swift; sourceTree = "<group>"; };
		E27069F6256F81CA0011A6BC /* MessageCell.swift */ = {isa = PBXFileReference; lastKnownFileType = sourcecode.swift; path = MessageCell.swift; sourceTree = "<group>"; };
		E28D6C90256E3220008C35C6 /* LoginViewModel.swift */ = {isa = PBXFileReference; lastKnownFileType = sourcecode.swift; path = LoginViewModel.swift; sourceTree = "<group>"; };
		E28D6C93256E4D96008C35C6 /* RegistrationViewModel.swift */ = {isa = PBXFileReference; lastKnownFileType = sourcecode.swift; path = RegistrationViewModel.swift; sourceTree = "<group>"; };
/* End PBXFileReference section */

/* Begin PBXFrameworksBuildPhase section */
		E231D4EF256CDA1400347073 /* Frameworks */ = {
			isa = PBXFrameworksBuildPhase;
			buildActionMask = 2147483647;
			files = (
				7EC856C4BB56DB6068A80534 /* Pods_FireChat.framework in Frameworks */,
			);
			runOnlyForDeploymentPostprocessing = 0;
		};
/* End PBXFrameworksBuildPhase section */

/* Begin PBXGroup section */
		2412C43A1CD050F9C2E0B6FA /* Pods */ = {
			isa = PBXGroup;
			children = (
				1A22ABF71A77E0ED1864A911 /* Pods-FireChat.debug.xcconfig */,
				BE9F6FCB79F22AEEFE244D3A /* Pods-FireChat.release.xcconfig */,
			);
			path = Pods;
			sourceTree = "<group>";
		};
		E231D4E9256CDA1400347073 = {
			isa = PBXGroup;
			children = (
				E231D4F4256CDA1400347073 /* FireChat */,
				E231D4F3256CDA1400347073 /* Products */,
				2412C43A1CD050F9C2E0B6FA /* Pods */,
				FE8FBE8F58AC13EB0C2F4AB9 /* Frameworks */,
			);
			sourceTree = "<group>";
		};
		E231D4F3256CDA1400347073 /* Products */ = {
			isa = PBXGroup;
			children = (
				E231D4F2256CDA1400347073 /* FireChat.app */,
			);
			name = Products;
			sourceTree = "<group>";
		};
		E231D4F4256CDA1400347073 /* FireChat */ = {
			isa = PBXGroup;
			children = (
				E231D510256CDA2B00347073 /* Model */,
				E231D50F256CDA2800347073 /* View */,
				E231D50E256CDA2500347073 /* ViewModel */,
				E231D50D256CDA2300347073 /* Controller */,
				E231D50B256CDA2100347073 /* API */,
				E231D50A256CDA1F00347073 /* Utils */,
				E231D4F5256CDA1400347073 /* AppDelegate.swift */,
				E231D4F7256CDA1400347073 /* SceneDelegate.swift */,
				E231D4F9256CDA1400347073 /* ViewController.swift */,
				E231D4FB256CDA1400347073 /* Main.storyboard */,
				E231D4FE256CDA1500347073 /* Assets.xcassets */,
				E231D500256CDA1500347073 /* LaunchScreen.storyboard */,
				E2623FDC256E835000CAD244 /* GoogleService-Info.plist */,
				E231D503256CDA1500347073 /* Info.plist */,
			);
			path = FireChat;
			sourceTree = "<group>";
		};
		E231D50A256CDA1F00347073 /* Utils */ = {
			isa = PBXGroup;
			children = (
				E231D51D256D074200347073 /* Extensions.swift */,
			);
			path = Utils;
			sourceTree = "<group>";
		};
		E231D50B256CDA2100347073 /* API */ = {
			isa = PBXGroup;
			children = (
				E2624785256E6BE00084535C /* AuthService.swift */,
				E2623FE5256E977400CAD244 /* Service.swift */,
			);
			path = API;
			sourceTree = "<group>";
		};
		E231D50D256CDA2300347073 /* Controller */ = {
			isa = PBXGroup;
			children = (
				E231D515256D03AF00347073 /* Authentication */,
				E231D511256CDA8300347073 /* ConversationsController.swift */,
				E2623FD8256E7E0900CAD244 /* NewMessageController.swift */,
				E2624000256EA03400CAD244 /* ChatController.swift */,
			);
			path = Controller;
			sourceTree = "<group>";
		};
		E231D50E256CDA2500347073 /* ViewModel */ = {
			isa = PBXGroup;
			children = (
				E28D6C96256E4D9C008C35C6 /* Authentication */,
			);
			path = ViewModel;
			sourceTree = "<group>";
		};
		E231D50F256CDA2800347073 /* View */ = {
			isa = PBXGroup;
			children = (
				E231D521256D28A800347073 /* InputContainerView.swift */,
				E231D524256D2B3900347073 /* CustomTextField.swift */,
				E2623FDF256E922A00CAD244 /* UserCell.swift */,
				E2624003256EA48400CAD244 /* CustomInputAccessoryView.swift */,
				E27069F6256F81CA0011A6BC /* MessageCell.swift */,
			);
			path = View;
			sourceTree = "<group>";
		};
		E231D510256CDA2B00347073 /* Model */ = {
			isa = PBXGroup;
			children = (
				E2623FE2256E970400CAD244 /* User.swift */,
			);
			path = Model;
			sourceTree = "<group>";
		};
		E231D515256D03AF00347073 /* Authentication */ = {
			isa = PBXGroup;
			children = (
				E231D516256D03BF00347073 /* LoginController.swift */,
				E231D51A256D03CD00347073 /* RegistrationController.swift */,
			);
			path = Authentication;
			sourceTree = "<group>";
		};
		E28D6C96256E4D9C008C35C6 /* Authentication */ = {
			isa = PBXGroup;
			children = (
				E28D6C90256E3220008C35C6 /* LoginViewModel.swift */,
				E28D6C93256E4D96008C35C6 /* RegistrationViewModel.swift */,
			);
			path = Authentication;
			sourceTree = "<group>";
		};
		FE8FBE8F58AC13EB0C2F4AB9 /* Frameworks */ = {
			isa = PBXGroup;
			children = (
				502F85C72708D20F34CCAA2B /* Pods_FireChat.framework */,
			);
			name = Frameworks;
			sourceTree = "<group>";
		};
/* End PBXGroup section */

/* Begin PBXNativeTarget section */
		E231D4F1256CDA1400347073 /* FireChat */ = {
			isa = PBXNativeTarget;
			buildConfigurationList = E231D506256CDA1500347073 /* Build configuration list for PBXNativeTarget "FireChat" */;
			buildPhases = (
				6D8BD3D43CA3E97ECC6060C9 /* [CP] Check Pods Manifest.lock */,
				E231D4EE256CDA1400347073 /* Sources */,
				E231D4EF256CDA1400347073 /* Frameworks */,
				E231D4F0256CDA1400347073 /* Resources */,
				9B9FD5C448BACE7B5A5B101E /* [CP] Embed Pods Frameworks */,
			);
			buildRules = (
			);
			dependencies = (
			);
			name = FireChat;
			productName = FireChat;
			productReference = E231D4F2256CDA1400347073 /* FireChat.app */;
			productType = "com.apple.product-type.application";
		};
/* End PBXNativeTarget section */

/* Begin PBXProject section */
		E231D4EA256CDA1400347073 /* Project object */ = {
			isa = PBXProject;
			attributes = {
				LastSwiftUpdateCheck = 1220;
				LastUpgradeCheck = 1220;
				ORGANIZATIONNAME = "Little Monster";
				TargetAttributes = {
					E231D4F1256CDA1400347073 = {
						CreatedOnToolsVersion = 12.2;
					};
				};
			};
			buildConfigurationList = E231D4ED256CDA1400347073 /* Build configuration list for PBXProject "FireChat" */;
			compatibilityVersion = "Xcode 9.3";
			developmentRegion = en;
			hasScannedForEncodings = 0;
			knownRegions = (
				en,
				Base,
			);
			mainGroup = E231D4E9256CDA1400347073;
			productRefGroup = E231D4F3256CDA1400347073 /* Products */;
			projectDirPath = "";
			projectRoot = "";
			targets = (
				E231D4F1256CDA1400347073 /* FireChat */,
			);
		};
/* End PBXProject section */

/* Begin PBXResourcesBuildPhase section */
		E231D4F0256CDA1400347073 /* Resources */ = {
			isa = PBXResourcesBuildPhase;
			buildActionMask = 2147483647;
			files = (
				E231D502256CDA1500347073 /* LaunchScreen.storyboard in Resources */,
				E2623FDD256E835000CAD244 /* GoogleService-Info.plist in Resources */,
				E231D4FF256CDA1500347073 /* Assets.xcassets in Resources */,
				E231D4FD256CDA1400347073 /* Main.storyboard in Resources */,
			);
			runOnlyForDeploymentPostprocessing = 0;
		};
/* End PBXResourcesBuildPhase section */

/* Begin PBXShellScriptBuildPhase section */
		6D8BD3D43CA3E97ECC6060C9 /* [CP] Check Pods Manifest.lock */ = {
			isa = PBXShellScriptBuildPhase;
			buildActionMask = 2147483647;
			files = (
			);
			inputFileListPaths = (
			);
			inputPaths = (
				"${PODS_PODFILE_DIR_PATH}/Podfile.lock",
				"${PODS_ROOT}/Manifest.lock",
			);
			name = "[CP] Check Pods Manifest.lock";
			outputFileListPaths = (
			);
			outputPaths = (
				"$(DERIVED_FILE_DIR)/Pods-FireChat-checkManifestLockResult.txt",
			);
			runOnlyForDeploymentPostprocessing = 0;
			shellPath = /bin/sh;
			shellScript = "diff \"${PODS_PODFILE_DIR_PATH}/Podfile.lock\" \"${PODS_ROOT}/Manifest.lock\" > /dev/null\nif [ $? != 0 ] ; then\n    # print error to STDERR\n    echo \"error: The sandbox is not in sync with the Podfile.lock. Run 'pod install' or update your CocoaPods installation.\" >&2\n    exit 1\nfi\n# This output is used by Xcode 'outputs' to avoid re-running this script phase.\necho \"SUCCESS\" > \"${SCRIPT_OUTPUT_FILE_0}\"\n";
			showEnvVarsInLog = 0;
		};
		9B9FD5C448BACE7B5A5B101E /* [CP] Embed Pods Frameworks */ = {
			isa = PBXShellScriptBuildPhase;
			buildActionMask = 2147483647;
			files = (
			);
			inputFileListPaths = (
				"${PODS_ROOT}/Target Support Files/Pods-FireChat/Pods-FireChat-frameworks-${CONFIGURATION}-input-files.xcfilelist",
			);
			name = "[CP] Embed Pods Frameworks";
			outputFileListPaths = (
				"${PODS_ROOT}/Target Support Files/Pods-FireChat/Pods-FireChat-frameworks-${CONFIGURATION}-output-files.xcfilelist",
			);
			runOnlyForDeploymentPostprocessing = 0;
			shellPath = /bin/sh;
			shellScript = "\"${PODS_ROOT}/Target Support Files/Pods-FireChat/Pods-FireChat-frameworks.sh\"\n";
			showEnvVarsInLog = 0;
		};
/* End PBXShellScriptBuildPhase section */

/* Begin PBXSourcesBuildPhase section */
		E231D4EE256CDA1400347073 /* Sources */ = {
			isa = PBXSourcesBuildPhase;
			buildActionMask = 2147483647;
			files = (
				E231D4FA256CDA1400347073 /* ViewController.swift in Sources */,
				E28D6C94256E4D96008C35C6 /* RegistrationViewModel.swift in Sources */,
				E231D522256D28A800347073 /* InputContainerView.swift in Sources */,
				E2624786256E6BE00084535C /* AuthService.swift in Sources */,
				E231D4F6256CDA1400347073 /* AppDelegate.swift in Sources */,
				E231D512256CDA8300347073 /* ConversationsController.swift in Sources */,
				E2623FE0256E922A00CAD244 /* UserCell.swift in Sources */,
				E231D4F8256CDA1400347073 /* SceneDelegate.swift in Sources */,
				E2623FE3256E970500CAD244 /* User.swift in Sources */,
				E2623FE6256E977400CAD244 /* Service.swift in Sources */,
				E27069F7256F81CA0011A6BC /* MessageCell.swift in Sources */,
				E231D51B256D03CD00347073 /* RegistrationController.swift in Sources */,
				E231D517256D03BF00347073 /* LoginController.swift in Sources */,
				E231D51E256D074200347073 /* Extensions.swift in Sources */,
				E28D6C91256E3220008C35C6 /* LoginViewModel.swift in Sources */,
				E2624001256EA03400CAD244 /* ChatController.swift in Sources */,
				E231D525256D2B3900347073 /* CustomTextField.swift in Sources */,
				E2623FD9256E7E0900CAD244 /* NewMessageController.swift in Sources */,
				E2624004256EA48400CAD244 /* CustomInputAccessoryView.swift in Sources */,
			);
			runOnlyForDeploymentPostprocessing = 0;
		};
/* End PBXSourcesBuildPhase section */

/* Begin PBXVariantGroup section */
		E231D4FB256CDA1400347073 /* Main.storyboard */ = {
			isa = PBXVariantGroup;
			children = (
				E231D4FC256CDA1400347073 /* Base */,
			);
			name = Main.storyboard;
			sourceTree = "<group>";
		};
		E231D500256CDA1500347073 /* LaunchScreen.storyboard */ = {
			isa = PBXVariantGroup;
			children = (
				E231D501256CDA1500347073 /* Base */,
			);
			name = LaunchScreen.storyboard;
			sourceTree = "<group>";
		};
/* End PBXVariantGroup section */

/* Begin XCBuildConfiguration section */
		E231D504256CDA1500347073 /* Debug */ = {
			isa = XCBuildConfiguration;
			buildSettings = {
				ALWAYS_SEARCH_USER_PATHS = NO;
				CLANG_ANALYZER_NONNULL = YES;
				CLANG_ANALYZER_NUMBER_OBJECT_CONVERSION = YES_AGGRESSIVE;
				CLANG_CXX_LANGUAGE_STANDARD = "gnu++14";
				CLANG_CXX_LIBRARY = "libc++";
				CLANG_ENABLE_MODULES = YES;
				CLANG_ENABLE_OBJC_ARC = YES;
				CLANG_ENABLE_OBJC_WEAK = YES;
				CLANG_WARN_BLOCK_CAPTURE_AUTORELEASING = YES;
				CLANG_WARN_BOOL_CONVERSION = YES;
				CLANG_WARN_COMMA = YES;
				CLANG_WARN_CONSTANT_CONVERSION = YES;
				CLANG_WARN_DEPRECATED_OBJC_IMPLEMENTATIONS = YES;
				CLANG_WARN_DIRECT_OBJC_ISA_USAGE = YES_ERROR;
				CLANG_WARN_DOCUMENTATION_COMMENTS = YES;
				CLANG_WARN_EMPTY_BODY = YES;
				CLANG_WARN_ENUM_CONVERSION = YES;
				CLANG_WARN_INFINITE_RECURSION = YES;
				CLANG_WARN_INT_CONVERSION = YES;
				CLANG_WARN_NON_LITERAL_NULL_CONVERSION = YES;
				CLANG_WARN_OBJC_IMPLICIT_RETAIN_SELF = YES;
				CLANG_WARN_OBJC_LITERAL_CONVERSION = YES;
				CLANG_WARN_OBJC_ROOT_CLASS = YES_ERROR;
				CLANG_WARN_QUOTED_INCLUDE_IN_FRAMEWORK_HEADER = YES;
				CLANG_WARN_RANGE_LOOP_ANALYSIS = YES;
				CLANG_WARN_STRICT_PROTOTYPES = YES;
				CLANG_WARN_SUSPICIOUS_MOVE = YES;
				CLANG_WARN_UNGUARDED_AVAILABILITY = YES_AGGRESSIVE;
				CLANG_WARN_UNREACHABLE_CODE = YES;
				CLANG_WARN__DUPLICATE_METHOD_MATCH = YES;
				COPY_PHASE_STRIP = NO;
				DEBUG_INFORMATION_FORMAT = dwarf;
				ENABLE_STRICT_OBJC_MSGSEND = YES;
				ENABLE_TESTABILITY = YES;
				GCC_C_LANGUAGE_STANDARD = gnu11;
				GCC_DYNAMIC_NO_PIC = NO;
				GCC_NO_COMMON_BLOCKS = YES;
				GCC_OPTIMIZATION_LEVEL = 0;
				GCC_PREPROCESSOR_DEFINITIONS = (
					"DEBUG=1",
					"$(inherited)",
				);
				GCC_WARN_64_TO_32_BIT_CONVERSION = YES;
				GCC_WARN_ABOUT_RETURN_TYPE = YES_ERROR;
				GCC_WARN_UNDECLARED_SELECTOR = YES;
				GCC_WARN_UNINITIALIZED_AUTOS = YES_AGGRESSIVE;
				GCC_WARN_UNUSED_FUNCTION = YES;
				GCC_WARN_UNUSED_VARIABLE = YES;
				IPHONEOS_DEPLOYMENT_TARGET = 13.0;
				MTL_ENABLE_DEBUG_INFO = INCLUDE_SOURCE;
				MTL_FAST_MATH = YES;
				ONLY_ACTIVE_ARCH = YES;
				SDKROOT = iphoneos;
				SWIFT_ACTIVE_COMPILATION_CONDITIONS = DEBUG;
				SWIFT_OPTIMIZATION_LEVEL = "-Onone";
			};
			name = Debug;
		};
		E231D505256CDA1500347073 /* Release */ = {
			isa = XCBuildConfiguration;
			buildSettings = {
				ALWAYS_SEARCH_USER_PATHS = NO;
				CLANG_ANALYZER_NONNULL = YES;
				CLANG_ANALYZER_NUMBER_OBJECT_CONVERSION = YES_AGGRESSIVE;
				CLANG_CXX_LANGUAGE_STANDARD = "gnu++14";
				CLANG_CXX_LIBRARY = "libc++";
				CLANG_ENABLE_MODULES = YES;
				CLANG_ENABLE_OBJC_ARC = YES;
				CLANG_ENABLE_OBJC_WEAK = YES;
				CLANG_WARN_BLOCK_CAPTURE_AUTORELEASING = YES;
				CLANG_WARN_BOOL_CONVERSION = YES;
				CLANG_WARN_COMMA = YES;
				CLANG_WARN_CONSTANT_CONVERSION = YES;
				CLANG_WARN_DEPRECATED_OBJC_IMPLEMENTATIONS = YES;
				CLANG_WARN_DIRECT_OBJC_ISA_USAGE = YES_ERROR;
				CLANG_WARN_DOCUMENTATION_COMMENTS = YES;
				CLANG_WARN_EMPTY_BODY = YES;
				CLANG_WARN_ENUM_CONVERSION = YES;
				CLANG_WARN_INFINITE_RECURSION = YES;
				CLANG_WARN_INT_CONVERSION = YES;
				CLANG_WARN_NON_LITERAL_NULL_CONVERSION = YES;
				CLANG_WARN_OBJC_IMPLICIT_RETAIN_SELF = YES;
				CLANG_WARN_OBJC_LITERAL_CONVERSION = YES;
				CLANG_WARN_OBJC_ROOT_CLASS = YES_ERROR;
				CLANG_WARN_QUOTED_INCLUDE_IN_FRAMEWORK_HEADER = YES;
				CLANG_WARN_RANGE_LOOP_ANALYSIS = YES;
				CLANG_WARN_STRICT_PROTOTYPES = YES;
				CLANG_WARN_SUSPICIOUS_MOVE = YES;
				CLANG_WARN_UNGUARDED_AVAILABILITY = YES_AGGRESSIVE;
				CLANG_WARN_UNREACHABLE_CODE = YES;
				CLANG_WARN__DUPLICATE_METHOD_MATCH = YES;
				COPY_PHASE_STRIP = NO;
				DEBUG_INFORMATION_FORMAT = "dwarf-with-dsym";
				ENABLE_NS_ASSERTIONS = NO;
				ENABLE_STRICT_OBJC_MSGSEND = YES;
				GCC_C_LANGUAGE_STANDARD = gnu11;
				GCC_NO_COMMON_BLOCKS = YES;
				GCC_WARN_64_TO_32_BIT_CONVERSION = YES;
				GCC_WARN_ABOUT_RETURN_TYPE = YES_ERROR;
				GCC_WARN_UNDECLARED_SELECTOR = YES;
				GCC_WARN_UNINITIALIZED_AUTOS = YES_AGGRESSIVE;
				GCC_WARN_UNUSED_FUNCTION = YES;
				GCC_WARN_UNUSED_VARIABLE = YES;
				IPHONEOS_DEPLOYMENT_TARGET = 13.0;
				MTL_ENABLE_DEBUG_INFO = NO;
				MTL_FAST_MATH = YES;
				SDKROOT = iphoneos;
				SWIFT_COMPILATION_MODE = wholemodule;
				SWIFT_OPTIMIZATION_LEVEL = "-O";
				VALIDATE_PRODUCT = YES;
			};
			name = Release;
		};
		E231D507256CDA1500347073 /* Debug */ = {
			isa = XCBuildConfiguration;
			baseConfigurationReference = 1A22ABF71A77E0ED1864A911 /* Pods-FireChat.debug.xcconfig */;
			buildSettings = {
				ASSETCATALOG_COMPILER_APPICON_NAME = AppIcon;
				ASSETCATALOG_COMPILER_GLOBAL_ACCENT_COLOR_NAME = AccentColor;
				CODE_SIGN_STYLE = Automatic;
				DEVELOPMENT_TEAM = 934NVR3K3Z;
				INFOPLIST_FILE = FireChat/Info.plist;
				LD_RUNPATH_SEARCH_PATHS = (
					"$(inherited)",
					"@executable_path/Frameworks",
				);
				PRODUCT_BUNDLE_IDENTIFIER = com.oscargarrucho.FireChat;
				PRODUCT_NAME = "$(TARGET_NAME)";
				SWIFT_VERSION = 5.0;
				TARGETED_DEVICE_FAMILY = "1,2";
			};
			name = Debug;
		};
		E231D508256CDA1500347073 /* Release */ = {
			isa = XCBuildConfiguration;
			baseConfigurationReference = BE9F6FCB79F22AEEFE244D3A /* Pods-FireChat.release.xcconfig */;
			buildSettings = {
				ASSETCATALOG_COMPILER_APPICON_NAME = AppIcon;
				ASSETCATALOG_COMPILER_GLOBAL_ACCENT_COLOR_NAME = AccentColor;
				CODE_SIGN_STYLE = Automatic;
				DEVELOPMENT_TEAM = 934NVR3K3Z;
				INFOPLIST_FILE = FireChat/Info.plist;
				LD_RUNPATH_SEARCH_PATHS = (
					"$(inherited)",
					"@executable_path/Frameworks",
				);
				PRODUCT_BUNDLE_IDENTIFIER = com.oscargarrucho.FireChat;
				PRODUCT_NAME = "$(TARGET_NAME)";
				SWIFT_VERSION = 5.0;
				TARGETED_DEVICE_FAMILY = "1,2";
			};
			name = Release;
		};
/* End XCBuildConfiguration section */

/* Begin XCConfigurationList section */
		E231D4ED256CDA1400347073 /* Build configuration list for PBXProject "FireChat" */ = {
			isa = XCConfigurationList;
			buildConfigurations = (
				E231D504256CDA1500347073 /* Debug */,
				E231D505256CDA1500347073 /* Release */,
			);
			defaultConfigurationIsVisible = 0;
			defaultConfigurationName = Release;
		};
		E231D506256CDA1500347073 /* Build configuration list for PBXNativeTarget "FireChat" */ = {
			isa = XCConfigurationList;
			buildConfigurations = (
				E231D507256CDA1500347073 /* Debug */,
				E231D508256CDA1500347073 /* Release */,
			);
			defaultConfigurationIsVisible = 0;
			defaultConfigurationName = Release;
		};
/* End XCConfigurationList section */
	};
	rootObject = E231D4EA256CDA1400347073 /* Project object */;
}
